
Microsoft Visual Studio Solution File, Format Version 12.00
# Visual Studio Version 17
VisualStudioVersion = 17.0.32112.339
MinimumVisualStudioVersion = 10.0.40219.1
Project("{FAE04EC0-301F-11D3-BF4B-00C04F79EFBC}") = "CoinToss App", "CoinToss App\CoinToss App.csproj", "{2EA68453-62D1-4818-B0DD-E39F1C725B40}"
EndProject
Global
	GlobalSection(SolutionConfigurationPlatforms) = preSolution
		Debug|Any CPU = Debug|Any CPU
		Release|Any CPU = Release|Any CPU
	EndGlobalSection
	GlobalSection(ProjectConfigurationPlatforms) = postSolution
		{2EA68453-62D1-4818-B0DD-E39F1C725B40}.Debug|Any CPU.ActiveCfg = Debug|Any CPU
		{2EA68453-62D1-4818-B0DD-E39F1C725B40}.Debug|Any CPU.Build.0 = Debug|Any CPU
		{2EA68453-62D1-4818-B0DD-E39F1C725B40}.Release|Any CPU.ActiveCfg = Release|Any CPU
		{2EA68453-62D1-4818-B0DD-E39F1C725B40}.Release|Any CPU.Build.0 = Release|Any CPU
	EndGlobalSection
	GlobalSection(SolutionProperties) = preSolution
		HideSolutionNode = FALSE
	EndGlobalSection
	GlobalSection(ExtensibilityGlobals) = postSolution
		SolutionGuid = {03E61AE1-78F0-47D5-990A-C7F3A31C16B8}
	EndGlobalSection
EndGlobal
